{
  "version": 1,
  "dependencies": {
    "net10.0-windows7.0": {
      "Microsoft.Extensions.DependencyInjection.Abstractions": {
        "type": "Direct",
        "requested": "[10.0.12, )",
        "resolved": "10.0.12",
        "contentHash": "9/qymSh7hVDMGTGwrLz8MRp5zRyXy9adGDOs4HwRdnLil3oZGYuWeZjbmHgCQ9BL1qBroVfgUK3U/nb61617Cw=="
      },
      "Microsoft.Win32.SystemEvents": {
        "type": "Direct",
        "requested": "[10.0.12, )",
        "resolved": "10.0.12",
        "contentHash": "kdj5cqOwgZCMltEhQ4+WVUoFkMHG08EJfy1MDyS9H+FBg66vTTFyX8YcNl8IQh5wRQv79P+iduQgDGY8ucBR+w=="
      },
      "CsvHelper": {
        "type": "Transitive",
        "resolved": "33.1.0",
        "contentHash": "kqfTOZGrn7NarNeXgjh86JcpTHUoeQDMB8t9NVa/ZtlSYiV1rxfRnQ49WaJsob4AiGrbK0XDzpyKkBwai4F8eg=="
      },
      "cloudalarmoverlay.core": {
        "type": "Project",
        "dependencies": {
          "CsvHelper": "[33.1.0, )",
          "Microsoft.Extensions.DependencyInjection.Abstractions": "[10.0.12, )"
        }
      }
    }
  }
}